<Solution>
  <Folder Name="/benchmarks/">
    <Project Path="benchmarks/WordFinder.Benchmarks/WordFinder.Benchmarks.csproj" />
  </Folder>
  <Folder Name="/src/">
    <Project Path="src/WordFinder/WordFinder.csproj" />
  </Folder>
  <Folder Name="/tests/">
    <Project Path="tests/WordFinder.Tests/WordFinder.Tests.csproj" />
  </Folder>
</Solution>
